{
  "requires": true,
  "lockfileVersion": 1,
  "dependencies": {
    "dom7": {
      "version": "3.0.0-alpha.9",
      "resolved": "https://registry.npmjs.org/dom7/-/dom7-3.0.0-alpha.9.tgz",
      "integrity": "sha512-wTxPe1vJqLAy2PzAROh/n1PsRF/ZklAJyRIn9shm2dAQjP4JhjsgDKQ1YTbuzf1KVlqOlqYPmwupQExcB9jOUg==",
      "requires": {
        "ssr-window": "^3.0.0-alpha.1"
      }
    },
    "jquery-modal": {
      "version": "0.9.2",
      "resolved": "https://registry.npmjs.org/jquery-modal/-/jquery-modal-0.9.2.tgz",
      "integrity": "sha512-Bx6jTBuiUbdywriWd0UAZK9v7FKEDCOD5uRh47qd4coGvx+dG4w8cOGe4TG2OoR1dNrXn6Aqaeu8MAA+Oz7vOw=="
    },
    "ssr-window": {
      "version": "3.0.0-alpha.4",
      "resolved": "https://registry.npmjs.org/ssr-window/-/ssr-window-3.0.0-alpha.4.tgz",
      "integrity": "sha512-+dBRP/pZ+VyITxTzD0lMDzDwN/BmfUl8xi2e6t5Nz4+FqUphfcBLB1OOUSYCRNFB25rD3c8AJRYpY5rHTbL+kg=="
    },
    "swiper": {
      "version": "6.1.2",
      "resolved": "https://registry.npmjs.org/swiper/-/swiper-6.1.2.tgz",
      "integrity": "sha512-g3+4yHwHD1+qjhr7cxqKyJ/zTyo1SnQv5eUVE0QdygRyb13KejtISXbN44xkLmJIw9WOS/xa7Fg5YtyBH2Kg+A==",
      "requires": {
        "dom7": "^3.0.0-alpha.7",
        "ssr-window": "^3.0.0-alpha.4"
      }
    }
  }
}
